
Microsoft Visual Studio Solution File, Format Version 12.00
Project("{2150E333-8FDC-42A3-9474-1A3956D46DE8}") = "src", "src", "{AAF5D690-9E53-420E-B9D4-0065866BE5D9}"
EndProject
Project("{FAE04EC0-301F-11D3-BF4B-00C04F79EFBC}") = "Blogs.Core", "src\Blogs.Core\Blogs.Core.csproj", "{2435EF81-55FE-4391-A5A7-713FB4CBB17C}"
EndProject
Project("{FAE04EC0-301F-11D3-BF4B-00C04F79EFBC}") = "Blogs.Application", "src\Blogs.Application\Blogs.Application.csproj", "{9C08E165-835E-44B5-B974-51ADF527783A}"
EndProject
Project("{FAE04EC0-301F-11D3-BF4B-00C04F79EFBC}") = "Blogs.Infrastructure", "src\Blogs.Infrastructure\Blogs.Infrastructure.csproj", "{B907139F-F025-4E0D-839C-E6A2D0D775A3}"
EndProject
Project("{FAE04EC0-301F-11D3-BF4B-00C04F79EFBC}") = "Blogs.Api", "src\Blogs.Api\Blogs.Api.csproj", "{441169FD-1B74-4A73-B635-5B729072711E}"
EndProject
Project("{2150E333-8FDC-42A3-9474-1A3956D46DE8}") = "test", "test", "{83FC15DC-6C7D-4418-8CE6-E3D48F7C0609}"
EndProject
Project("{FAE04EC0-301F-11D3-BF4B-00C04F79EFBC}") = "Blogs.Core.Tests", "test\Blogs.Core.Tests\Blogs.Core.Tests.csproj", "{C415317A-E587-4856-81DA-AFB8CEA1C4D1}"
EndProject
Project("{FAE04EC0-301F-11D3-BF4B-00C04F79EFBC}") = "Blogs.Application.Tests", "test\Blogs.Application.Tests\Blogs.Application.Tests.csproj", "{3EDB0D3B-F870-4AFB-897D-09818082EF80}"
EndProject
Project("{FAE04EC0-301F-11D3-BF4B-00C04F79EFBC}") = "Blogs.Api.Tests", "test\Blogs.Api.Tests\Blogs.Api.Tests.csproj", "{E68D279D-2897-4D33-8CEF-E3807DEF6139}"
EndProject
Global
	GlobalSection(SolutionConfigurationPlatforms) = preSolution
		Debug|Any CPU = Debug|Any CPU
		Debug|x64 = Debug|x64
		Debug|x86 = Debug|x86
		Release|Any CPU = Release|Any CPU
		Release|x64 = Release|x64
		Release|x86 = Release|x86
	EndGlobalSection
	GlobalSection(ProjectConfigurationPlatforms) = postSolution
		{2435EF81-55FE-4391-A5A7-713FB4CBB17C}.Debug|Any CPU.ActiveCfg = Debug|Any CPU
		{2435EF81-55FE-4391-A5A7-713FB4CBB17C}.Debug|Any CPU.Build.0 = Debug|Any CPU
		{2435EF81-55FE-4391-A5A7-713FB4CBB17C}.Debug|x64.ActiveCfg = Debug|Any CPU
		{2435EF81-55FE-4391-A5A7-713FB4CBB17C}.Debug|x64.Build.0 = Debug|Any CPU
		{2435EF81-55FE-4391-A5A7-713FB4CBB17C}.Debug|x86.ActiveCfg = Debug|Any CPU
		{2435EF81-55FE-4391-A5A7-713FB4CBB17C}.Debug|x86.Build.0 = Debug|Any CPU
		{2435EF81-55FE-4391-A5A7-713FB4CBB17C}.Release|Any CPU.ActiveCfg = Release|Any CPU
		{2435EF81-55FE-4391-A5A7-713FB4CBB17C}.Release|Any CPU.Build.0 = Release|Any CPU
		{2435EF81-55FE-4391-A5A7-713FB4CBB17C}.Release|x64.ActiveCfg = Release|Any CPU
		{2435EF81-55FE-4391-A5A7-713FB4CBB17C}.Release|x64.Build.0 = Release|Any CPU
		{2435EF81-55FE-4391-A5A7-713FB4CBB17C}.Release|x86.ActiveCfg = Release|Any CPU
		{2435EF81-55FE-4391-A5A7-713FB4CBB17C}.Release|x86.Build.0 = Release|Any CPU
		{9C08E165-835E-44B5-B974-51ADF527783A}.Debug|Any CPU.ActiveCfg = Debug|Any CPU
		{9C08E165-835E-44B5-B974-51ADF527783A}.Debug|Any CPU.Build.0 = Debug|Any CPU
		{9C08E165-835E-44B5-B974-51ADF527783A}.Debug|x64.ActiveCfg = Debug|Any CPU
		{9C08E165-835E-44B5-B974-51ADF527783A}.Debug|x64.Build.0 = Debug|Any CPU
		{9C08E165-835E-44B5-B974-51ADF527783A}.Debug|x86.ActiveCfg = Debug|Any CPU
		{9C08E165-835E-44B5-B974-51ADF527783A}.Debug|x86.Build.0 = Debug|Any CPU
		{9C08E165-835E-44B5-B974-51ADF527783A}.Release|Any CPU.ActiveCfg = Release|Any CPU
		{9C08E165-835E-44B5-B974-51ADF527783A}.Release|Any CPU.Build.0 = Release|Any CPU
		{9C08E165-835E-44B5-B974-51ADF527783A}.Release|x64.ActiveCfg = Release|Any CPU
		{9C08E165-835E-44B5-B974-51ADF527783A}.Release|x64.Build.0 = Release|Any CPU
		{9C08E165-835E-44B5-B974-51ADF527783A}.Release|x86.ActiveCfg = Release|Any CPU
		{9C08E165-835E-44B5-B974-51ADF527783A}.Release|x86.Build.0 = Release|Any CPU
		{B907139F-F025-4E0D-839C-E6A2D0D775A3}.Debug|Any CPU.ActiveCfg = Debug|Any CPU
		{B907139F-F025-4E0D-839C-E6A2D0D775A3}.Debug|Any CPU.Build.0 = Debug|Any CPU
		{B907139F-F025-4E0D-839C-E6A2D0D775A3}.Debug|x64.ActiveCfg = Debug|Any CPU
		{B907139F-F025-4E0D-839C-E6A2D0D775A3}.Debug|x64.Build.0 = Debug|Any CPU
		{B907139F-F025-4E0D-839C-E6A2D0D775A3}.Debug|x86.ActiveCfg = Debug|Any CPU
		{B907139F-F025-4E0D-839C-E6A2D0D775A3}.Debug|x86.Build.0 = Debug|Any CPU
		{B907139F-F025-4E0D-839C-E6A2D0D775A3}.Release|Any CPU.ActiveCfg = Release|Any CPU
		{B907139F-F025-4E0D-839C-E6A2D0D775A3}.Release|Any CPU.Build.0 = Release|Any CPU
		{B907139F-F025-4E0D-839C-E6A2D0D775A3}.Release|x64.ActiveCfg = Release|Any CPU
		{B907139F-F025-4E0D-839C-E6A2D0D775A3}.Release|x64.Build.0 = Release|Any CPU
		{B907139F-F025-4E0D-839C-E6A2D0D775A3}.Release|x86.ActiveCfg = Release|Any CPU
		{B907139F-F025-4E0D-839C-E6A2D0D775A3}.Release|x86.Build.0 = Release|Any CPU
		{441169FD-1B74-4A73-B635-5B729072711E}.Debug|Any CPU.ActiveCfg = Debug|Any CPU
		{441169FD-1B74-4A73-B635-5B729072711E}.Debug|Any CPU.Build.0 = Debug|Any CPU
		{441169FD-1B74-4A73-B635-5B729072711E}.Debug|x64.ActiveCfg = Debug|Any CPU
		{441169FD-1B74-4A73-B635-5B729072711E}.Debug|x64.Build.0 = Debug|Any CPU
		{441169FD-1B74-4A73-B635-5B729072711E}.Debug|x86.ActiveCfg = Debug|Any CPU
		{441169FD-1B74-4A73-B635-5B729072711E}.Debug|x86.Build.0 = Debug|Any CPU
		{441169FD-1B74-4A73-B635-5B729072711E}.Release|Any CPU.ActiveCfg = Release|Any CPU
		{441169FD-1B74-4A73-B635-5B729072711E}.Release|Any CPU.Build.0 = Release|Any CPU
		{441169FD-1B74-4A73-B635-5B729072711E}.Release|x64.ActiveCfg = Release|Any CPU
		{441169FD-1B74-4A73-B635-5B729072711E}.Release|x64.Build.0 = Release|Any CPU
		{441169FD-1B74-4A73-B635-5B729072711E}.Release|x86.ActiveCfg = Release|Any CPU
		{441169FD-1B74-4A73-B635-5B729072711E}.Release|x86.Build.0 = Release|Any CPU
		{C415317A-E587-4856-81DA-AFB8CEA1C4D1}.Debug|Any CPU.ActiveCfg = Debug|Any CPU
		{C415317A-E587-4856-81DA-AFB8CEA1C4D1}.Debug|Any CPU.Build.0 = Debug|Any CPU
		{C415317A-E587-4856-81DA-AFB8CEA1C4D1}.Debug|x64.ActiveCfg = Debug|Any CPU
		{C415317A-E587-4856-81DA-AFB8CEA1C4D1}.Debug|x64.Build.0 = Debug|Any CPU
		{C415317A-E587-4856-81DA-AFB8CEA1C4D1}.Debug|x86.ActiveCfg = Debug|Any CPU
		{C415317A-E587-4856-81DA-AFB8CEA1C4D1}.Debug|x86.Build.0 = Debug|Any CPU
		{C415317A-E587-4856-81DA-AFB8CEA1C4D1}.Release|Any CPU.ActiveCfg = Release|Any CPU
		{C415317A-E587-4856-81DA-AFB8CEA1C4D1}.Release|Any CPU.Build.0 = Release|Any CPU
		{C415317A-E587-4856-81DA-AFB8CEA1C4D1}.Release|x64.ActiveCfg = Release|Any CPU
		{C415317A-E587-4856-81DA-AFB8CEA1C4D1}.Release|x64.Build.0 = Release|Any CPU
		{C415317A-E587-4856-81DA-AFB8CEA1C4D1}.Release|x86.ActiveCfg = Release|Any CPU
		{C415317A-E587-4856-81DA-AFB8CEA1C4D1}.Release|x86.Build.0 = Release|Any CPU
		{3EDB0D3B-F870-4AFB-897D-09818082EF80}.Debug|Any CPU.ActiveCfg = Debug|Any CPU
		{3EDB0D3B-F870-4AFB-897D-09818082EF80}.Debug|Any CPU.Build.0 = Debug|Any CPU
		{3EDB0D3B-F870-4AFB-897D-09818082EF80}.Debug|x64.ActiveCfg = Debug|Any CPU
		{3EDB0D3B-F870-4AFB-897D-09818082EF80}.Debug|x64.Build.0 = Debug|Any CPU
		{3EDB0D3B-F870-4AFB-897D-09818082EF80}.Debug|x86.ActiveCfg = Debug|Any CPU
		{3EDB0D3B-F870-4AFB-897D-09818082EF80}.Debug|x86.Build.0 = Debug|Any CPU
		{3EDB0D3B-F870-4AFB-897D-09818082EF80}.Release|Any CPU.ActiveCfg = Release|Any CPU
		{3EDB0D3B-F870-4AFB-897D-09818082EF80}.Release|Any CPU.Build.0 = Release|Any CPU
		{3EDB0D3B-F870-4AFB-897D-09818082EF80}.Release|x64.ActiveCfg = Release|Any CPU
		{3EDB0D3B-F870-4AFB-897D-09818082EF80}.Release|x64.Build.0 = Release|Any CPU
		{3EDB0D3B-F870-4AFB-897D-09818082EF80}.Release|x86.ActiveCfg = Release|Any CPU
		{3EDB0D3B-F870-4AFB-897D-09818082EF80}.Release|x86.Build.0 = Release|Any CPU
		{E68D279D-2897-4D33-8CEF-E3807DEF6139}.Debug|Any CPU.ActiveCfg = Debug|Any CPU
		{E68D279D-2897-4D33-8CEF-E3807DEF6139}.Debug|Any CPU.Build.0 = Debug|Any CPU
		{E68D279D-2897-4D33-8CEF-E3807DEF6139}.Debug|x64.ActiveCfg = Debug|Any CPU
		{E68D279D-2897-4D33-8CEF-E3807DEF6139}.Debug|x64.Build.0 = Debug|Any CPU
		{E68D279D-2897-4D33-8CEF-E3807DEF6139}.Debug|x86.ActiveCfg = Debug|Any CPU
		{E68D279D-2897-4D33-8CEF-E3807DEF6139}.Debug|x86.Build.0 = Debug|Any CPU
		{E68D279D-2897-4D33-8CEF-E3807DEF6139}.Release|Any CPU.ActiveCfg = Release|Any CPU
		{E68D279D-2897-4D33-8CEF-E3807DEF6139}.Release|Any CPU.Build.0 = Release|Any CPU
		{E68D279D-2897-4D33-8CEF-E3807DEF6139}.Release|x64.ActiveCfg = Release|Any CPU
		{E68D279D-2897-4D33-8CEF-E3807DEF6139}.Release|x64.Build.0 = Release|Any CPU
		{E68D279D-2897-4D33-8CEF-E3807DEF6139}.Release|x86.ActiveCfg = Release|Any CPU
		{E68D279D-2897-4D33-8CEF-E3807DEF6139}.Release|x86.Build.0 = Release|Any CPU
	EndGlobalSection
	GlobalSection(SolutionProperties) = preSolution
		HideSolutionNode = FALSE
	EndGlobalSection
	GlobalSection(NestedProjects) = preSolution
		{2435EF81-55FE-4391-A5A7-713FB4CBB17C} = {AAF5D690-9E53-420E-B9D4-0065866BE5D9}
		{9C08E165-835E-44B5-B974-51ADF527783A} = {AAF5D690-9E53-420E-B9D4-0065866BE5D9}
		{B907139F-F025-4E0D-839C-E6A2D0D775A3} = {AAF5D690-9E53-420E-B9D4-0065866BE5D9}
		{441169FD-1B74-4A73-B635-5B729072711E} = {AAF5D690-9E53-420E-B9D4-0065866BE5D9}
		{C415317A-E587-4856-81DA-AFB8CEA1C4D1} = {83FC15DC-6C7D-4418-8CE6-E3D48F7C0609}
		{3EDB0D3B-F870-4AFB-897D-09818082EF80} = {83FC15DC-6C7D-4418-8CE6-E3D48F7C0609}
		{E68D279D-2897-4D33-8CEF-E3807DEF6139} = {83FC15DC-6C7D-4418-8CE6-E3D48F7C0609}
	EndGlobalSection
EndGlobal
